
Microsoft Visual Studio Solution File, Format Version 12.00
# Visual Studio Version 17
VisualStudioVersion = 17.0.31903.59
MinimumVisualStudioVersion = 10.0.40219.1
Project("{2150E333-8FDC-42A3-9474-1A3956D46DE8}") = "src", "src", "{827E0CD3-B72D-47B6-A68D-7590B98EB39B}"
EndProject
Project("{2150E333-8FDC-42A3-9474-1A3956D46DE8}") = "Services", "Services", "{984BB9B3-3FA3-BE33-9484-CAC21695A33C}"
EndProject
Project("{2150E333-8FDC-42A3-9474-1A3956D46DE8}") = "Identity", "Identity", "{1BFC9479-12BF-35C3-06B8-42D89D95092B}"
EndProject
Project("{FAE04EC0-301F-11D3-BF4B-00C04F79EFBC}") = "Identity.API", "src\Services\Identity\Identity.API\Identity.API.csproj", "{825D8596-028C-4AE8-9168-1F2E4FCA09FA}"
EndProject
Project("{FAE04EC0-301F-11D3-BF4B-00C04F79EFBC}") = "Identity.Domain", "src\Services\Identity\Identity.Domain\Identity.Domain.csproj", "{7881905C-BBAF-4BBA-A3B8-F0BF523695BF}"
EndProject
Project("{FAE04EC0-301F-11D3-BF4B-00C04F79EFBC}") = "Identity.Application", "src\Services\Identity\Identity.Application\Identity.Application.csproj", "{1557FBA2-DEB0-42CA-A8EC-2EADE25F88F1}"
EndProject
Project("{FAE04EC0-301F-11D3-BF4B-00C04F79EFBC}") = "Identity.Infrastructure", "src\Services\Identity\Identity.Infrastructure\Identity.Infrastructure.csproj", "{65D25EA7-6DC7-4DF9-927A-FE65D0E94865}"
EndProject
Project("{2150E333-8FDC-42A3-9474-1A3956D46DE8}") = "Courses", "Courses", "{82A7D6DE-2DBC-4EBA-D6BD-88358E211CA2}"
EndProject
Project("{FAE04EC0-301F-11D3-BF4B-00C04F79EFBC}") = "Courses.API", "src\Services\Courses\Courses.API\Courses.API.csproj", "{23D61743-8771-411D-96D9-CB21CCF192B2}"
EndProject
Project("{FAE04EC0-301F-11D3-BF4B-00C04F79EFBC}") = "Courses.Domain", "src\Services\Courses\Courses.Domain\Courses.Domain.csproj", "{DFFA825C-D3F1-4EC6-9560-D1A35F780A41}"
EndProject
Project("{FAE04EC0-301F-11D3-BF4B-00C04F79EFBC}") = "Courses.Application", "src\Services\Courses\Courses.Application\Courses.Application.csproj", "{8737BC60-CC29-4665-BC43-D87F2683EF37}"
EndProject
Project("{FAE04EC0-301F-11D3-BF4B-00C04F79EFBC}") = "Courses.Infrastructure", "src\Services\Courses\Courses.Infrastructure\Courses.Infrastructure.csproj", "{135F66CA-FCB8-4194-A61C-791AA6CA1EC0}"
EndProject
Project("{2150E333-8FDC-42A3-9474-1A3956D46DE8}") = "Testing", "Testing", "{F8AA5939-74AE-6B38-A255-8700174466DC}"
EndProject
Project("{FAE04EC0-301F-11D3-BF4B-00C04F79EFBC}") = "Testing.API", "src\Services\Testing\Testing.API\Testing.API.csproj", "{DB3B7BB4-59D0-4E69-9817-12C666D4920F}"
EndProject
Project("{FAE04EC0-301F-11D3-BF4B-00C04F79EFBC}") = "Testing.Domain", "src\Services\Testing\Testing.Domain\Testing.Domain.csproj", "{E5518248-DD41-4D87-B36D-8EF39B635DBE}"
EndProject
Project("{FAE04EC0-301F-11D3-BF4B-00C04F79EFBC}") = "Testing.Application", "src\Services\Testing\Testing.Application\Testing.Application.csproj", "{F3457AE7-6931-4939-A601-649C45BE3033}"
EndProject
Project("{FAE04EC0-301F-11D3-BF4B-00C04F79EFBC}") = "Testing.Infrastructure", "src\Services\Testing\Testing.Infrastructure\Testing.Infrastructure.csproj", "{06F2F9A7-07B4-4BDF-A3BE-937616AFF192}"
EndProject
Project("{2150E333-8FDC-42A3-9474-1A3956D46DE8}") = "CodeExecution", "CodeExecution", "{253A1436-313D-03CB-6E74-2CD8510B5078}"
EndProject
Project("{FAE04EC0-301F-11D3-BF4B-00C04F79EFBC}") = "CodeExecution.API", "src\Services\CodeExecution\CodeExecution.API\CodeExecution.API.csproj", "{16495D60-2013-41DC-9A79-023A01DB3FC1}"
EndProject
Project("{FAE04EC0-301F-11D3-BF4B-00C04F79EFBC}") = "CodeExecution.Domain", "src\Services\CodeExecution\CodeExecution.Domain\CodeExecution.Domain.csproj", "{20488E0C-B9D9-410B-9392-29951B836727}"
EndProject
Project("{FAE04EC0-301F-11D3-BF4B-00C04F79EFBC}") = "CodeExecution.Application", "src\Services\CodeExecution\CodeExecution.Application\CodeExecution.Application.csproj", "{14399DDE-D42B-4F09-A0A2-0C20762BF0BE}"
EndProject
Project("{FAE04EC0-301F-11D3-BF4B-00C04F79EFBC}") = "CodeExecution.Infrastructure", "src\Services\CodeExecution\CodeExecution.Infrastructure\CodeExecution.Infrastructure.csproj", "{A05BF941-823B-4A2A-9966-1E2BDAE7B451}"
EndProject
Project("{2150E333-8FDC-42A3-9474-1A3956D46DE8}") = "BuildingBlocks", "BuildingBlocks", "{90298CBA-BD6F-3A0A-69D5-97CAD7B05E7E}"
EndProject
Project("{2150E333-8FDC-42A3-9474-1A3956D46DE8}") = "EventBus", "EventBus", "{4D909E3A-FE81-0AA7-4841-65E192C827E3}"
EndProject
Project("{FAE04EC0-301F-11D3-BF4B-00C04F79EFBC}") = "EventBus", "src\BuildingBlocks\EventBus\EventBus\EventBus.csproj", "{07C207FB-86BE-4431-B488-45AA25580727}"
EndProject
Project("{FAE04EC0-301F-11D3-BF4B-00C04F79EFBC}") = "Common", "src\BuildingBlocks\Common\Common\Common.csproj", "{F5908085-DDF8-41A7-9ADB-12169C354C59}"
EndProject
Project("{2150E333-8FDC-42A3-9474-1A3956D46DE8}") = "Web", "Web", "{03997797-E7F5-0643-168D-B8EA7178C2FE}"
EndProject
Project("{2150E333-8FDC-42A3-9474-1A3956D46DE8}") = "Frontend", "Frontend", "{7B96B56A-B1C2-E7DA-19A2-6CEB5FF895A6}"
EndProject
Project("{FAE04EC0-301F-11D3-BF4B-00C04F79EFBC}") = "Frontend.Web", "src\Web\Frontend\Frontend.Web\Frontend.Web.csproj", "{C2A3474E-AC83-409B-9BDF-E5347279FEDC}"
EndProject
Global
	GlobalSection(SolutionConfigurationPlatforms) = preSolution
		Debug|Any CPU = Debug|Any CPU
		Debug|x64 = Debug|x64
		Debug|x86 = Debug|x86
		Release|Any CPU = Release|Any CPU
		Release|x64 = Release|x64
		Release|x86 = Release|x86
	EndGlobalSection
	GlobalSection(ProjectConfigurationPlatforms) = postSolution
		{825D8596-028C-4AE8-9168-1F2E4FCA09FA}.Debug|Any CPU.ActiveCfg = Debug|Any CPU
		{825D8596-028C-4AE8-9168-1F2E4FCA09FA}.Debug|Any CPU.Build.0 = Debug|Any CPU
		{825D8596-028C-4AE8-9168-1F2E4FCA09FA}.Debug|x64.ActiveCfg = Debug|Any CPU
		{825D8596-028C-4AE8-9168-1F2E4FCA09FA}.Debug|x64.Build.0 = Debug|Any CPU
		{825D8596-028C-4AE8-9168-1F2E4FCA09FA}.Debug|x86.ActiveCfg = Debug|Any CPU
		{825D8596-028C-4AE8-9168-1F2E4FCA09FA}.Debug|x86.Build.0 = Debug|Any CPU
		{825D8596-028C-4AE8-9168-1F2E4FCA09FA}.Release|Any CPU.ActiveCfg = Release|Any CPU
		{825D8596-028C-4AE8-9168-1F2E4FCA09FA}.Release|Any CPU.Build.0 = Release|Any CPU
		{825D8596-028C-4AE8-9168-1F2E4FCA09FA}.Release|x64.ActiveCfg = Release|Any CPU
		{825D8596-028C-4AE8-9168-1F2E4FCA09FA}.Release|x64.Build.0 = Release|Any CPU
		{825D8596-028C-4AE8-9168-1F2E4FCA09FA}.Release|x86.ActiveCfg = Release|Any CPU
		{825D8596-028C-4AE8-9168-1F2E4FCA09FA}.Release|x86.Build.0 = Release|Any CPU
		{7881905C-BBAF-4BBA-A3B8-F0BF523695BF}.Debug|Any CPU.ActiveCfg = Debug|Any CPU
		{7881905C-BBAF-4BBA-A3B8-F0BF523695BF}.Debug|Any CPU.Build.0 = Debug|Any CPU
		{7881905C-BBAF-4BBA-A3B8-F0BF523695BF}.Debug|x64.ActiveCfg = Debug|Any CPU
		{7881905C-BBAF-4BBA-A3B8-F0BF523695BF}.Debug|x64.Build.0 = Debug|Any CPU
		{7881905C-BBAF-4BBA-A3B8-F0BF523695BF}.Debug|x86.ActiveCfg = Debug|Any CPU
		{7881905C-BBAF-4BBA-A3B8-F0BF523695BF}.Debug|x86.Build.0 = Debug|Any CPU
		{7881905C-BBAF-4BBA-A3B8-F0BF523695BF}.Release|Any CPU.ActiveCfg = Release|Any CPU
		{7881905C-BBAF-4BBA-A3B8-F0BF523695BF}.Release|Any CPU.Build.0 = Release|Any CPU
		{7881905C-BBAF-4BBA-A3B8-F0BF523695BF}.Release|x64.ActiveCfg = Release|Any CPU
		{7881905C-BBAF-4BBA-A3B8-F0BF523695BF}.Release|x64.Build.0 = Release|Any CPU
		{7881905C-BBAF-4BBA-A3B8-F0BF523695BF}.Release|x86.ActiveCfg = Release|Any CPU
		{7881905C-BBAF-4BBA-A3B8-F0BF523695BF}.Release|x86.Build.0 = Release|Any CPU
		{1557FBA2-DEB0-42CA-A8EC-2EADE25F88F1}.Debug|Any CPU.ActiveCfg = Debug|Any CPU
		{1557FBA2-DEB0-42CA-A8EC-2EADE25F88F1}.Debug|Any CPU.Build.0 = Debug|Any CPU
		{1557FBA2-DEB0-42CA-A8EC-2EADE25F88F1}.Debug|x64.ActiveCfg = Debug|Any CPU
		{1557FBA2-DEB0-42CA-A8EC-2EADE25F88F1}.Debug|x64.Build.0 = Debug|Any CPU
		{1557FBA2-DEB0-42CA-A8EC-2EADE25F88F1}.Debug|x86.ActiveCfg = Debug|Any CPU
		{1557FBA2-DEB0-42CA-A8EC-2EADE25F88F1}.Debug|x86.Build.0 = Debug|Any CPU
		{1557FBA2-DEB0-42CA-A8EC-2EADE25F88F1}.Release|Any CPU.ActiveCfg = Release|Any CPU
		{1557FBA2-DEB0-42CA-A8EC-2EADE25F88F1}.Release|Any CPU.Build.0 = Release|Any CPU
		{1557FBA2-DEB0-42CA-A8EC-2EADE25F88F1}.Release|x64.ActiveCfg = Release|Any CPU
		{1557FBA2-DEB0-42CA-A8EC-2EADE25F88F1}.Release|x64.Build.0 = Release|Any CPU
		{1557FBA2-DEB0-42CA-A8EC-2EADE25F88F1}.Release|x86.ActiveCfg = Release|Any CPU
		{1557FBA2-DEB0-42CA-A8EC-2EADE25F88F1}.Release|x86.Build.0 = Release|Any CPU
		{65D25EA7-6DC7-4DF9-927A-FE65D0E94865}.Debug|Any CPU.ActiveCfg = Debug|Any CPU
		{65D25EA7-6DC7-4DF9-927A-FE65D0E94865}.Debug|Any CPU.Build.0 = Debug|Any CPU
		{65D25EA7-6DC7-4DF9-927A-FE65D0E94865}.Debug|x64.ActiveCfg = Debug|Any CPU
		{65D25EA7-6DC7-4DF9-927A-FE65D0E94865}.Debug|x64.Build.0 = Debug|Any CPU
		{65D25EA7-6DC7-4DF9-927A-FE65D0E94865}.Debug|x86.ActiveCfg = Debug|Any CPU
		{65D25EA7-6DC7-4DF9-927A-FE65D0E94865}.Debug|x86.Build.0 = Debug|Any CPU
		{65D25EA7-6DC7-4DF9-927A-FE65D0E94865}.Release|Any CPU.ActiveCfg = Release|Any CPU
		{65D25EA7-6DC7-4DF9-927A-FE65D0E94865}.Release|Any CPU.Build.0 = Release|Any CPU
		{65D25EA7-6DC7-4DF9-927A-FE65D0E94865}.Release|x64.ActiveCfg = Release|Any CPU
		{65D25EA7-6DC7-4DF9-927A-FE65D0E94865}.Release|x64.Build.0 = Release|Any CPU
		{65D25EA7-6DC7-4DF9-927A-FE65D0E94865}.Release|x86.ActiveCfg = Release|Any CPU
		{65D25EA7-6DC7-4DF9-927A-FE65D0E94865}.Release|x86.Build.0 = Release|Any CPU
		{23D61743-8771-411D-96D9-CB21CCF192B2}.Debug|Any CPU.ActiveCfg = Debug|Any CPU
		{23D61743-8771-411D-96D9-CB21CCF192B2}.Debug|Any CPU.Build.0 = Debug|Any CPU
		{23D61743-8771-411D-96D9-CB21CCF192B2}.Debug|x64.ActiveCfg = Debug|Any CPU
		{23D61743-8771-411D-96D9-CB21CCF192B2}.Debug|x64.Build.0 = Debug|Any CPU
		{23D61743-8771-411D-96D9-CB21CCF192B2}.Debug|x86.ActiveCfg = Debug|Any CPU
		{23D61743-8771-411D-96D9-CB21CCF192B2}.Debug|x86.Build.0 = Debug|Any CPU
		{23D61743-8771-411D-96D9-CB21CCF192B2}.Release|Any CPU.ActiveCfg = Release|Any CPU
		{23D61743-8771-411D-96D9-CB21CCF192B2}.Release|Any CPU.Build.0 = Release|Any CPU
		{23D61743-8771-411D-96D9-CB21CCF192B2}.Release|x64.ActiveCfg = Release|Any CPU
		{23D61743-8771-411D-96D9-CB21CCF192B2}.Release|x64.Build.0 = Release|Any CPU
		{23D61743-8771-411D-96D9-CB21CCF192B2}.Release|x86.ActiveCfg = Release|Any CPU
		{23D61743-8771-411D-96D9-CB21CCF192B2}.Release|x86.Build.0 = Release|Any CPU
		{DFFA825C-D3F1-4EC6-9560-D1A35F780A41}.Debug|Any CPU.ActiveCfg = Debug|Any CPU
		{DFFA825C-D3F1-4EC6-9560-D1A35F780A41}.Debug|Any CPU.Build.0 = Debug|Any CPU
		{DFFA825C-D3F1-4EC6-9560-D1A35F780A41}.Debug|x64.ActiveCfg = Debug|Any CPU
		{DFFA825C-D3F1-4EC6-9560-D1A35F780A41}.Debug|x64.Build.0 = Debug|Any CPU
		{DFFA825C-D3F1-4EC6-9560-D1A35F780A41}.Debug|x86.ActiveCfg = Debug|Any CPU
		{DFFA825C-D3F1-4EC6-9560-D1A35F780A41}.Debug|x86.Build.0 = Debug|Any CPU
		{DFFA825C-D3F1-4EC6-9560-D1A35F780A41}.Release|Any CPU.ActiveCfg = Release|Any CPU
		{DFFA825C-D3F1-4EC6-9560-D1A35F780A41}.Release|Any CPU.Build.0 = Release|Any CPU
		{DFFA825C-D3F1-4EC6-9560-D1A35F780A41}.Release|x64.ActiveCfg = Release|Any CPU
		{DFFA825C-D3F1-4EC6-9560-D1A35F780A41}.Release|x64.Build.0 = Release|Any CPU
		{DFFA825C-D3F1-4EC6-9560-D1A35F780A41}.Release|x86.ActiveCfg = Release|Any CPU
		{DFFA825C-D3F1-4EC6-9560-D1A35F780A41}.Release|x86.Build.0 = Release|Any CPU
		{8737BC60-CC29-4665-BC43-D87F2683EF37}.Debug|Any CPU.ActiveCfg = Debug|Any CPU
		{8737BC60-CC29-4665-BC43-D87F2683EF37}.Debug|Any CPU.Build.0 = Debug|Any CPU
		{8737BC60-CC29-4665-BC43-D87F2683EF37}.Debug|x64.ActiveCfg = Debug|Any CPU
		{8737BC60-CC29-4665-BC43-D87F2683EF37}.Debug|x64.Build.0 = Debug|Any CPU
		{8737BC60-CC29-4665-BC43-D87F2683EF37}.Debug|x86.ActiveCfg = Debug|Any CPU
		{8737BC60-CC29-4665-BC43-D87F2683EF37}.Debug|x86.Build.0 = Debug|Any CPU
		{8737BC60-CC29-4665-BC43-D87F2683EF37}.Release|Any CPU.ActiveCfg = Release|Any CPU
		{8737BC60-CC29-4665-BC43-D87F2683EF37}.Release|Any CPU.Build.0 = Release|Any CPU
		{8737BC60-CC29-4665-BC43-D87F2683EF37}.Release|x64.ActiveCfg = Release|Any CPU
		{8737BC60-CC29-4665-BC43-D87F2683EF37}.Release|x64.Build.0 = Release|Any CPU
		{8737BC60-CC29-4665-BC43-D87F2683EF37}.Release|x86.ActiveCfg = Release|Any CPU
		{8737BC60-CC29-4665-BC43-D87F2683EF37}.Release|x86.Build.0 = Release|Any CPU
		{135F66CA-FCB8-4194-A61C-791AA6CA1EC0}.Debug|Any CPU.ActiveCfg = Debug|Any CPU
		{135F66CA-FCB8-4194-A61C-791AA6CA1EC0}.Debug|Any CPU.Build.0 = Debug|Any CPU
		{135F66CA-FCB8-4194-A61C-791AA6CA1EC0}.Debug|x64.ActiveCfg = Debug|Any CPU
		{135F66CA-FCB8-4194-A61C-791AA6CA1EC0}.Debug|x64.Build.0 = Debug|Any CPU
		{135F66CA-FCB8-4194-A61C-791AA6CA1EC0}.Debug|x86.ActiveCfg = Debug|Any CPU
		{135F66CA-FCB8-4194-A61C-791AA6CA1EC0}.Debug|x86.Build.0 = Debug|Any CPU
		{135F66CA-FCB8-4194-A61C-791AA6CA1EC0}.Release|Any CPU.ActiveCfg = Release|Any CPU
		{135F66CA-FCB8-4194-A61C-791AA6CA1EC0}.Release|Any CPU.Build.0 = Release|Any CPU
		{135F66CA-FCB8-4194-A61C-791AA6CA1EC0}.Release|x64.ActiveCfg = Release|Any CPU
		{135F66CA-FCB8-4194-A61C-791AA6CA1EC0}.Release|x64.Build.0 = Release|Any CPU
		{135F66CA-FCB8-4194-A61C-791AA6CA1EC0}.Release|x86.ActiveCfg = Release|Any CPU
		{135F66CA-FCB8-4194-A61C-791AA6CA1EC0}.Release|x86.Build.0 = Release|Any CPU
		{DB3B7BB4-59D0-4E69-9817-12C666D4920F}.Debug|Any CPU.ActiveCfg = Debug|Any CPU
		{DB3B7BB4-59D0-4E69-9817-12C666D4920F}.Debug|Any CPU.Build.0 = Debug|Any CPU
		{DB3B7BB4-59D0-4E69-9817-12C666D4920F}.Debug|x64.ActiveCfg = Debug|Any CPU
		{DB3B7BB4-59D0-4E69-9817-12C666D4920F}.Debug|x64.Build.0 = Debug|Any CPU
		{DB3B7BB4-59D0-4E69-9817-12C666D4920F}.Debug|x86.ActiveCfg = Debug|Any CPU
		{DB3B7BB4-59D0-4E69-9817-12C666D4920F}.Debug|x86.Build.0 = Debug|Any CPU
		{DB3B7BB4-59D0-4E69-9817-12C666D4920F}.Release|Any CPU.ActiveCfg = Release|Any CPU
		{DB3B7BB4-59D0-4E69-9817-12C666D4920F}.Release|Any CPU.Build.0 = Release|Any CPU
		{DB3B7BB4-59D0-4E69-9817-12C666D4920F}.Release|x64.ActiveCfg = Release|Any CPU
		{DB3B7BB4-59D0-4E69-9817-12C666D4920F}.Release|x64.Build.0 = Release|Any CPU
		{DB3B7BB4-59D0-4E69-9817-12C666D4920F}.Release|x86.ActiveCfg = Release|Any CPU
		{DB3B7BB4-59D0-4E69-9817-12C666D4920F}.Release|x86.Build.0 = Release|Any CPU
		{E5518248-DD41-4D87-B36D-8EF39B635DBE}.Debug|Any CPU.ActiveCfg = Debug|Any CPU
		{E5518248-DD41-4D87-B36D-8EF39B635DBE}.Debug|Any CPU.Build.0 = Debug|Any CPU
		{E5518248-DD41-4D87-B36D-8EF39B635DBE}.Debug|x64.ActiveCfg = Debug|Any CPU
		{E5518248-DD41-4D87-B36D-8EF39B635DBE}.Debug|x64.Build.0 = Debug|Any CPU
		{E5518248-DD41-4D87-B36D-8EF39B635DBE}.Debug|x86.ActiveCfg = Debug|Any CPU
		{E5518248-DD41-4D87-B36D-8EF39B635DBE}.Debug|x86.Build.0 = Debug|Any CPU
		{E5518248-DD41-4D87-B36D-8EF39B635DBE}.Release|Any CPU.ActiveCfg = Release|Any CPU
		{E5518248-DD41-4D87-B36D-8EF39B635DBE}.Release|Any CPU.Build.0 = Release|Any CPU
		{E5518248-DD41-4D87-B36D-8EF39B635DBE}.Release|x64.ActiveCfg = Release|Any CPU
		{E5518248-DD41-4D87-B36D-8EF39B635DBE}.Release|x64.Build.0 = Release|Any CPU
		{E5518248-DD41-4D87-B36D-8EF39B635DBE}.Release|x86.ActiveCfg = Release|Any CPU
		{E5518248-DD41-4D87-B36D-8EF39B635DBE}.Release|x86.Build.0 = Release|Any CPU
		{F3457AE7-6931-4939-A601-649C45BE3033}.Debug|Any CPU.ActiveCfg = Debug|Any CPU
		{F3457AE7-6931-4939-A601-649C45BE3033}.Debug|Any CPU.Build.0 = Debug|Any CPU
		{F3457AE7-6931-4939-A601-649C45BE3033}.Debug|x64.ActiveCfg = Debug|Any CPU
		{F3457AE7-6931-4939-A601-649C45BE3033}.Debug|x64.Build.0 = Debug|Any CPU
		{F3457AE7-6931-4939-A601-649C45BE3033}.Debug|x86.ActiveCfg = Debug|Any CPU
		{F3457AE7-6931-4939-A601-649C45BE3033}.Debug|x86.Build.0 = Debug|Any CPU
		{F3457AE7-6931-4939-A601-649C45BE3033}.Release|Any CPU.ActiveCfg = Release|Any CPU
		{F3457AE7-6931-4939-A601-649C45BE3033}.Release|Any CPU.Build.0 = Release|Any CPU
		{F3457AE7-6931-4939-A601-649C45BE3033}.Release|x64.ActiveCfg = Release|Any CPU
		{F3457AE7-6931-4939-A601-649C45BE3033}.Release|x64.Build.0 = Release|Any CPU
		{F3457AE7-6931-4939-A601-649C45BE3033}.Release|x86.ActiveCfg = Release|Any CPU
		{F3457AE7-6931-4939-A601-649C45BE3033}.Release|x86.Build.0 = Release|Any CPU
		{06F2F9A7-07B4-4BDF-A3BE-937616AFF192}.Debug|Any CPU.ActiveCfg = Debug|Any CPU
		{06F2F9A7-07B4-4BDF-A3BE-937616AFF192}.Debug|Any CPU.Build.0 = Debug|Any CPU
		{06F2F9A7-07B4-4BDF-A3BE-937616AFF192}.Debug|x64.ActiveCfg = Debug|Any CPU
		{06F2F9A7-07B4-4BDF-A3BE-937616AFF192}.Debug|x64.Build.0 = Debug|Any CPU
		{06F2F9A7-07B4-4BDF-A3BE-937616AFF192}.Debug|x86.ActiveCfg = Debug|Any CPU
		{06F2F9A7-07B4-4BDF-A3BE-937616AFF192}.Debug|x86.Build.0 = Debug|Any CPU
		{06F2F9A7-07B4-4BDF-A3BE-937616AFF192}.Release|Any CPU.ActiveCfg = Release|Any CPU
		{06F2F9A7-07B4-4BDF-A3BE-937616AFF192}.Release|Any CPU.Build.0 = Release|Any CPU
		{06F2F9A7-07B4-4BDF-A3BE-937616AFF192}.Release|x64.ActiveCfg = Release|Any CPU
		{06F2F9A7-07B4-4BDF-A3BE-937616AFF192}.Release|x64.Build.0 = Release|Any CPU
		{06F2F9A7-07B4-4BDF-A3BE-937616AFF192}.Release|x86.ActiveCfg = Release|Any CPU
		{06F2F9A7-07B4-4BDF-A3BE-937616AFF192}.Release|x86.Build.0 = Release|Any CPU
		{16495D60-2013-41DC-9A79-023A01DB3FC1}.Debug|Any CPU.ActiveCfg = Debug|Any CPU
		{16495D60-2013-41DC-9A79-023A01DB3FC1}.Debug|Any CPU.Build.0 = Debug|Any CPU
		{16495D60-2013-41DC-9A79-023A01DB3FC1}.Debug|x64.ActiveCfg = Debug|Any CPU
		{16495D60-2013-41DC-9A79-023A01DB3FC1}.Debug|x64.Build.0 = Debug|Any CPU
		{16495D60-2013-41DC-9A79-023A01DB3FC1}.Debug|x86.ActiveCfg = Debug|Any CPU
		{16495D60-2013-41DC-9A79-023A01DB3FC1}.Debug|x86.Build.0 = Debug|Any CPU
		{16495D60-2013-41DC-9A79-023A01DB3FC1}.Release|Any CPU.ActiveCfg = Release|Any CPU
		{16495D60-2013-41DC-9A79-023A01DB3FC1}.Release|Any CPU.Build.0 = Release|Any CPU
		{16495D60-2013-41DC-9A79-023A01DB3FC1}.Release|x64.ActiveCfg = Release|Any CPU
		{16495D60-2013-41DC-9A79-023A01DB3FC1}.Release|x64.Build.0 = Release|Any CPU
		{16495D60-2013-41DC-9A79-023A01DB3FC1}.Release|x86.ActiveCfg = Release|Any CPU
		{16495D60-2013-41DC-9A79-023A01DB3FC1}.Release|x86.Build.0 = Release|Any CPU
		{20488E0C-B9D9-410B-9392-29951B836727}.Debug|Any CPU.ActiveCfg = Debug|Any CPU
		{20488E0C-B9D9-410B-9392-29951B836727}.Debug|Any CPU.Build.0 = Debug|Any CPU
		{20488E0C-B9D9-410B-9392-29951B836727}.Debug|x64.ActiveCfg = Debug|Any CPU
		{20488E0C-B9D9-410B-9392-29951B836727}.Debug|x64.Build.0 = Debug|Any CPU
		{20488E0C-B9D9-410B-9392-29951B836727}.Debug|x86.ActiveCfg = Debug|Any CPU
		{20488E0C-B9D9-410B-9392-29951B836727}.Debug|x86.Build.0 = Debug|Any CPU
		{20488E0C-B9D9-410B-9392-29951B836727}.Release|Any CPU.ActiveCfg = Release|Any CPU
		{20488E0C-B9D9-410B-9392-29951B836727}.Release|Any CPU.Build.0 = Release|Any CPU
		{20488E0C-B9D9-410B-9392-29951B836727}.Release|x64.ActiveCfg = Release|Any CPU
		{20488E0C-B9D9-410B-9392-29951B836727}.Release|x64.Build.0 = Release|Any CPU
		{20488E0C-B9D9-410B-9392-29951B836727}.Release|x86.ActiveCfg = Release|Any CPU
		{20488E0C-B9D9-410B-9392-29951B836727}.Release|x86.Build.0 = Release|Any CPU
		{14399DDE-D42B-4F09-A0A2-0C20762BF0BE}.Debug|Any CPU.ActiveCfg = Debug|Any CPU
		{14399DDE-D42B-4F09-A0A2-0C20762BF0BE}.Debug|Any CPU.Build.0 = Debug|Any CPU
		{14399DDE-D42B-4F09-A0A2-0C20762BF0BE}.Debug|x64.ActiveCfg = Debug|Any CPU
		{14399DDE-D42B-4F09-A0A2-0C20762BF0BE}.Debug|x64.Build.0 = Debug|Any CPU
		{14399DDE-D42B-4F09-A0A2-0C20762BF0BE}.Debug|x86.ActiveCfg = Debug|Any CPU
		{14399DDE-D42B-4F09-A0A2-0C20762BF0BE}.Debug|x86.Build.0 = Debug|Any CPU
		{14399DDE-D42B-4F09-A0A2-0C20762BF0BE}.Release|Any CPU.ActiveCfg = Release|Any CPU
		{14399DDE-D42B-4F09-A0A2-0C20762BF0BE}.Release|Any CPU.Build.0 = Release|Any CPU
		{14399DDE-D42B-4F09-A0A2-0C20762BF0BE}.Release|x64.ActiveCfg = Release|Any CPU
		{14399DDE-D42B-4F09-A0A2-0C20762BF0BE}.Release|x64.Build.0 = Release|Any CPU
		{14399DDE-D42B-4F09-A0A2-0C20762BF0BE}.Release|x86.ActiveCfg = Release|Any CPU
		{14399DDE-D42B-4F09-A0A2-0C20762BF0BE}.Release|x86.Build.0 = Release|Any CPU
		{A05BF941-823B-4A2A-9966-1E2BDAE7B451}.Debug|Any CPU.ActiveCfg = Debug|Any CPU
		{A05BF941-823B-4A2A-9966-1E2BDAE7B451}.Debug|Any CPU.Build.0 = Debug|Any CPU
		{A05BF941-823B-4A2A-9966-1E2BDAE7B451}.Debug|x64.ActiveCfg = Debug|Any CPU
		{A05BF941-823B-4A2A-9966-1E2BDAE7B451}.Debug|x64.Build.0 = Debug|Any CPU
		{A05BF941-823B-4A2A-9966-1E2BDAE7B451}.Debug|x86.ActiveCfg = Debug|Any CPU
		{A05BF941-823B-4A2A-9966-1E2BDAE7B451}.Debug|x86.Build.0 = Debug|Any CPU
		{A05BF941-823B-4A2A-9966-1E2BDAE7B451}.Release|Any CPU.ActiveCfg = Release|Any CPU
		{A05BF941-823B-4A2A-9966-1E2BDAE7B451}.Release|Any CPU.Build.0 = Release|Any CPU
		{A05BF941-823B-4A2A-9966-1E2BDAE7B451}.Release|x64.ActiveCfg = Release|Any CPU
		{A05BF941-823B-4A2A-9966-1E2BDAE7B451}.Release|x64.Build.0 = Release|Any CPU
		{A05BF941-823B-4A2A-9966-1E2BDAE7B451}.Release|x86.ActiveCfg = Release|Any CPU
		{A05BF941-823B-4A2A-9966-1E2BDAE7B451}.Release|x86.Build.0 = Release|Any CPU
		{07C207FB-86BE-4431-B488-45AA25580727}.Debug|Any CPU.ActiveCfg = Debug|Any CPU
		{07C207FB-86BE-4431-B488-45AA25580727}.Debug|Any CPU.Build.0 = Debug|Any CPU
		{07C207FB-86BE-4431-B488-45AA25580727}.Debug|x64.ActiveCfg = Debug|Any CPU
		{07C207FB-86BE-4431-B488-45AA25580727}.Debug|x64.Build.0 = Debug|Any CPU
		{07C207FB-86BE-4431-B488-45AA25580727}.Debug|x86.ActiveCfg = Debug|Any CPU
		{07C207FB-86BE-4431-B488-45AA25580727}.Debug|x86.Build.0 = Debug|Any CPU
		{07C207FB-86BE-4431-B488-45AA25580727}.Release|Any CPU.ActiveCfg = Release|Any CPU
		{07C207FB-86BE-4431-B488-45AA25580727}.Release|Any CPU.Build.0 = Release|Any CPU
		{07C207FB-86BE-4431-B488-45AA25580727}.Release|x64.ActiveCfg = Release|Any CPU
		{07C207FB-86BE-4431-B488-45AA25580727}.Release|x64.Build.0 = Release|Any CPU
		{07C207FB-86BE-4431-B488-45AA25580727}.Release|x86.ActiveCfg = Release|Any CPU
		{07C207FB-86BE-4431-B488-45AA25580727}.Release|x86.Build.0 = Release|Any CPU
		{F5908085-DDF8-41A7-9ADB-12169C354C59}.Debug|Any CPU.ActiveCfg = Debug|Any CPU
		{F5908085-DDF8-41A7-9ADB-12169C354C59}.Debug|Any CPU.Build.0 = Debug|Any CPU
		{F5908085-DDF8-41A7-9ADB-12169C354C59}.Debug|x64.ActiveCfg = Debug|Any CPU
		{F5908085-DDF8-41A7-9ADB-12169C354C59}.Debug|x64.Build.0 = Debug|Any CPU
		{F5908085-DDF8-41A7-9ADB-12169C354C59}.Debug|x86.ActiveCfg = Debug|Any CPU
		{F5908085-DDF8-41A7-9ADB-12169C354C59}.Debug|x86.Build.0 = Debug|Any CPU
		{F5908085-DDF8-41A7-9ADB-12169C354C59}.Release|Any CPU.ActiveCfg = Release|Any CPU
		{F5908085-DDF8-41A7-9ADB-12169C354C59}.Release|Any CPU.Build.0 = Release|Any CPU
		{F5908085-DDF8-41A7-9ADB-12169C354C59}.Release|x64.ActiveCfg = Release|Any CPU
		{F5908085-DDF8-41A7-9ADB-12169C354C59}.Release|x64.Build.0 = Release|Any CPU
		{F5908085-DDF8-41A7-9ADB-12169C354C59}.Release|x86.ActiveCfg = Release|Any CPU
		{F5908085-DDF8-41A7-9ADB-12169C354C59}.Release|x86.Build.0 = Release|Any CPU
		{C2A3474E-AC83-409B-9BDF-E5347279FEDC}.Debug|Any CPU.ActiveCfg = Debug|Any CPU
		{C2A3474E-AC83-409B-9BDF-E5347279FEDC}.Debug|Any CPU.Build.0 = Debug|Any CPU
		{C2A3474E-AC83-409B-9BDF-E5347279FEDC}.Debug|x64.ActiveCfg = Debug|Any CPU
		{C2A3474E-AC83-409B-9BDF-E5347279FEDC}.Debug|x64.Build.0 = Debug|Any CPU
		{C2A3474E-AC83-409B-9BDF-E5347279FEDC}.Debug|x86.ActiveCfg = Debug|Any CPU
		{C2A3474E-AC83-409B-9BDF-E5347279FEDC}.Debug|x86.Build.0 = Debug|Any CPU
		{C2A3474E-AC83-409B-9BDF-E5347279FEDC}.Release|Any CPU.ActiveCfg = Release|Any CPU
		{C2A3474E-AC83-409B-9BDF-E5347279FEDC}.Release|Any CPU.Build.0 = Release|Any CPU
		{C2A3474E-AC83-409B-9BDF-E5347279FEDC}.Release|x64.ActiveCfg = Release|Any CPU
		{C2A3474E-AC83-409B-9BDF-E5347279FEDC}.Release|x64.Build.0 = Release|Any CPU
		{C2A3474E-AC83-409B-9BDF-E5347279FEDC}.Release|x86.ActiveCfg = Release|Any CPU
		{C2A3474E-AC83-409B-9BDF-E5347279FEDC}.Release|x86.Build.0 = Release|Any CPU
	EndGlobalSection
	GlobalSection(SolutionProperties) = preSolution
		HideSolutionNode = FALSE
	EndGlobalSection
	GlobalSection(NestedProjects) = preSolution
		{984BB9B3-3FA3-BE33-9484-CAC21695A33C} = {827E0CD3-B72D-47B6-A68D-7590B98EB39B}
		{1BFC9479-12BF-35C3-06B8-42D89D95092B} = {984BB9B3-3FA3-BE33-9484-CAC21695A33C}
		{825D8596-028C-4AE8-9168-1F2E4FCA09FA} = {1BFC9479-12BF-35C3-06B8-42D89D95092B}
		{7881905C-BBAF-4BBA-A3B8-F0BF523695BF} = {1BFC9479-12BF-35C3-06B8-42D89D95092B}
		{1557FBA2-DEB0-42CA-A8EC-2EADE25F88F1} = {1BFC9479-12BF-35C3-06B8-42D89D95092B}
		{65D25EA7-6DC7-4DF9-927A-FE65D0E94865} = {1BFC9479-12BF-35C3-06B8-42D89D95092B}
		{82A7D6DE-2DBC-4EBA-D6BD-88358E211CA2} = {984BB9B3-3FA3-BE33-9484-CAC21695A33C}
		{23D61743-8771-411D-96D9-CB21CCF192B2} = {82A7D6DE-2DBC-4EBA-D6BD-88358E211CA2}
		{DFFA825C-D3F1-4EC6-9560-D1A35F780A41} = {82A7D6DE-2DBC-4EBA-D6BD-88358E211CA2}
		{8737BC60-CC29-4665-BC43-D87F2683EF37} = {82A7D6DE-2DBC-4EBA-D6BD-88358E211CA2}
		{135F66CA-FCB8-4194-A61C-791AA6CA1EC0} = {82A7D6DE-2DBC-4EBA-D6BD-88358E211CA2}
		{F8AA5939-74AE-6B38-A255-8700174466DC} = {984BB9B3-3FA3-BE33-9484-CAC21695A33C}
		{DB3B7BB4-59D0-4E69-9817-12C666D4920F} = {F8AA5939-74AE-6B38-A255-8700174466DC}
		{E5518248-DD41-4D87-B36D-8EF39B635DBE} = {F8AA5939-74AE-6B38-A255-8700174466DC}
		{F3457AE7-6931-4939-A601-649C45BE3033} = {F8AA5939-74AE-6B38-A255-8700174466DC}
		{06F2F9A7-07B4-4BDF-A3BE-937616AFF192} = {F8AA5939-74AE-6B38-A255-8700174466DC}
		{253A1436-313D-03CB-6E74-2CD8510B5078} = {984BB9B3-3FA3-BE33-9484-CAC21695A33C}
		{16495D60-2013-41DC-9A79-023A01DB3FC1} = {253A1436-313D-03CB-6E74-2CD8510B5078}
		{20488E0C-B9D9-410B-9392-29951B836727} = {253A1436-313D-03CB-6E74-2CD8510B5078}
		{14399DDE-D42B-4F09-A0A2-0C20762BF0BE} = {253A1436-313D-03CB-6E74-2CD8510B5078}
		{A05BF941-823B-4A2A-9966-1E2BDAE7B451} = {253A1436-313D-03CB-6E74-2CD8510B5078}
		{90298CBA-BD6F-3A0A-69D5-97CAD7B05E7E} = {827E0CD3-B72D-47B6-A68D-7590B98EB39B}
		{4D909E3A-FE81-0AA7-4841-65E192C827E3} = {90298CBA-BD6F-3A0A-69D5-97CAD7B05E7E}
		{07C207FB-86BE-4431-B488-45AA25580727} = {4D909E3A-FE81-0AA7-4841-65E192C827E3}
		{F5908085-DDF8-41A7-9ADB-12169C354C59} = {4D909E3A-FE81-0AA7-4841-65E192C827E3}
		{03997797-E7F5-0643-168D-B8EA7178C2FE} = {827E0CD3-B72D-47B6-A68D-7590B98EB39B}
		{7B96B56A-B1C2-E7DA-19A2-6CEB5FF895A6} = {03997797-E7F5-0643-168D-B8EA7178C2FE}
		{C2A3474E-AC83-409B-9BDF-E5347279FEDC} = {7B96B56A-B1C2-E7DA-19A2-6CEB5FF895A6}
	EndGlobalSection
EndGlobal
